
Microsoft Visual Studio Solution File, Format Version 12.00
# Visual Studio Version 17
VisualStudioVersion = 17.9.34701.34
MinimumVisualStudioVersion = 10.0.40219.1
Project("{2150E333-8FDC-42A3-9474-1A3956D46DE8}") = "Infrastructure", "Infrastructure", "{1CCAAAD5-8C38-49BB-9185-9B4AC3622365}"
EndProject
Project("{2150E333-8FDC-42A3-9474-1A3956D46DE8}") = "Core", "Core", "{78681FD4-38FC-4241-B505-F3E6FC53ABB1}"
EndProject
Project("{2150E333-8FDC-42A3-9474-1A3956D46DE8}") = "About", "About", "{ECF03DE4-4512-40BC-9BEB-62079DE1F7BA}"
	ProjectSection(SolutionItems) = preProject
		ToDo.md = ToDo.md
	EndProjectSection
EndProject
Project("{2150E333-8FDC-42A3-9474-1A3956D46DE8}") = "Common", "Common", "{693F31C1-09EB-4896-B4DB-35F3148EE5C3}"
EndProject
Project("{9A19103F-16F7-4668-BE54-9A1E7A4F7556}") = "Domain", "Common\Domain\Domain.csproj", "{83F27BCD-33E5-4765-9511-C25AEBE61A43}"
EndProject
Project("{9A19103F-16F7-4668-BE54-9A1E7A4F7556}") = "Pizzeria.Domain", "Core\Pizzeria.Domain\Pizzeria.Domain.csproj", "{860AA0B9-4E27-42AA-A4CA-E8F5965BC7CF}"
EndProject
Project("{9A19103F-16F7-4668-BE54-9A1E7A4F7556}") = "Pizzeria.Interfaces", "Core\Pizzeria.Interfaces\Pizzeria.Interfaces.csproj", "{EBE6144C-733A-40E1-94D0-D5F8B9DC99C1}"
EndProject
Project("{9A19103F-16F7-4668-BE54-9A1E7A4F7556}") = "Pizzeria.Services", "Core\Pizzeria.Services\Pizzeria.Services.csproj", "{8BE59317-90DE-4510-AD76-801A739BFEF0}"
EndProject
Project("{9A19103F-16F7-4668-BE54-9A1E7A4F7556}") = "Pizzeria.Infrastructure", "Infrastructure\Pizzeria.Infrastructure\Pizzeria.Infrastructure.csproj", "{98790BE3-07E3-401C-BFFF-677D9FCB1C01}"
EndProject
Project("{9A19103F-16F7-4668-BE54-9A1E7A4F7556}") = "Pizzeria.Persistence", "Infrastructure\Pizzeria.Persistence\Pizzeria.Persistence.csproj", "{D0DCF1B3-C742-4A39-895E-B8ACB24DF017}"
EndProject
Project("{2150E333-8FDC-42A3-9474-1A3956D46DE8}") = "Rests", "Rests", "{2405A7AA-38F2-43F3-A868-8AC61D872AF0}"
EndProject
Project("{2150E333-8FDC-42A3-9474-1A3956D46DE8}") = "Tests", "Tests", "{E5EE43D9-70C4-4911-B3D8-DFF35930C11A}"
EndProject
Project("{9A19103F-16F7-4668-BE54-9A1E7A4F7556}") = "Pizzeria.Rest", "Rests\Pizzeria.Rest\Pizzeria.Rest.csproj", "{0E065DEA-8832-4C28-A549-FBC4285C82B5}"
EndProject
Project("{9A19103F-16F7-4668-BE54-9A1E7A4F7556}") = "Pizzeria.Tests", "Tests\Pizzeria.Tests\Pizzeria.Tests.csproj", "{F36A829D-ECCA-4207-98F6-A34E30F7795B}"
EndProject
Project("{FAE04EC0-301F-11D3-BF4B-00C04F79EFBC}") = "Pizzeria.Models", "Core\Pizzeria.Models\Pizzeria.Models.csproj", "{D15098B5-3DDB-4A45-AE93-0D8CA19AFE75}"
EndProject
Project("{FAE04EC0-301F-11D3-BF4B-00C04F79EFBC}") = "Pizzeria.Input", "Core\Pizzeria.Input\Pizzeria.Input.csproj", "{4411F038-E4A0-4B95-BE75-0250754E8B82}"
EndProject
Global
	GlobalSection(SolutionConfigurationPlatforms) = preSolution
		Debug|Any CPU = Debug|Any CPU
		Release|Any CPU = Release|Any CPU
	EndGlobalSection
	GlobalSection(ProjectConfigurationPlatforms) = postSolution
		{83F27BCD-33E5-4765-9511-C25AEBE61A43}.Debug|Any CPU.ActiveCfg = Debug|Any CPU
		{83F27BCD-33E5-4765-9511-C25AEBE61A43}.Debug|Any CPU.Build.0 = Debug|Any CPU
		{83F27BCD-33E5-4765-9511-C25AEBE61A43}.Release|Any CPU.ActiveCfg = Release|Any CPU
		{83F27BCD-33E5-4765-9511-C25AEBE61A43}.Release|Any CPU.Build.0 = Release|Any CPU
		{860AA0B9-4E27-42AA-A4CA-E8F5965BC7CF}.Debug|Any CPU.ActiveCfg = Debug|Any CPU
		{860AA0B9-4E27-42AA-A4CA-E8F5965BC7CF}.Debug|Any CPU.Build.0 = Debug|Any CPU
		{860AA0B9-4E27-42AA-A4CA-E8F5965BC7CF}.Release|Any CPU.ActiveCfg = Release|Any CPU
		{860AA0B9-4E27-42AA-A4CA-E8F5965BC7CF}.Release|Any CPU.Build.0 = Release|Any CPU
		{EBE6144C-733A-40E1-94D0-D5F8B9DC99C1}.Debug|Any CPU.ActiveCfg = Debug|Any CPU
		{EBE6144C-733A-40E1-94D0-D5F8B9DC99C1}.Debug|Any CPU.Build.0 = Debug|Any CPU
		{EBE6144C-733A-40E1-94D0-D5F8B9DC99C1}.Release|Any CPU.ActiveCfg = Release|Any CPU
		{EBE6144C-733A-40E1-94D0-D5F8B9DC99C1}.Release|Any CPU.Build.0 = Release|Any CPU
		{8BE59317-90DE-4510-AD76-801A739BFEF0}.Debug|Any CPU.ActiveCfg = Debug|Any CPU
		{8BE59317-90DE-4510-AD76-801A739BFEF0}.Debug|Any CPU.Build.0 = Debug|Any CPU
		{8BE59317-90DE-4510-AD76-801A739BFEF0}.Release|Any CPU.ActiveCfg = Release|Any CPU
		{8BE59317-90DE-4510-AD76-801A739BFEF0}.Release|Any CPU.Build.0 = Release|Any CPU
		{98790BE3-07E3-401C-BFFF-677D9FCB1C01}.Debug|Any CPU.ActiveCfg = Debug|Any CPU
		{98790BE3-07E3-401C-BFFF-677D9FCB1C01}.Debug|Any CPU.Build.0 = Debug|Any CPU
		{98790BE3-07E3-401C-BFFF-677D9FCB1C01}.Release|Any CPU.ActiveCfg = Release|Any CPU
		{98790BE3-07E3-401C-BFFF-677D9FCB1C01}.Release|Any CPU.Build.0 = Release|Any CPU
		{D0DCF1B3-C742-4A39-895E-B8ACB24DF017}.Debug|Any CPU.ActiveCfg = Debug|Any CPU
		{D0DCF1B3-C742-4A39-895E-B8ACB24DF017}.Debug|Any CPU.Build.0 = Debug|Any CPU
		{D0DCF1B3-C742-4A39-895E-B8ACB24DF017}.Release|Any CPU.ActiveCfg = Release|Any CPU
		{D0DCF1B3-C742-4A39-895E-B8ACB24DF017}.Release|Any CPU.Build.0 = Release|Any CPU
		{0E065DEA-8832-4C28-A549-FBC4285C82B5}.Debug|Any CPU.ActiveCfg = Debug|Any CPU
		{0E065DEA-8832-4C28-A549-FBC4285C82B5}.Debug|Any CPU.Build.0 = Debug|Any CPU
		{0E065DEA-8832-4C28-A549-FBC4285C82B5}.Release|Any CPU.ActiveCfg = Release|Any CPU
		{0E065DEA-8832-4C28-A549-FBC4285C82B5}.Release|Any CPU.Build.0 = Release|Any CPU
		{F36A829D-ECCA-4207-98F6-A34E30F7795B}.Debug|Any CPU.ActiveCfg = Debug|Any CPU
		{F36A829D-ECCA-4207-98F6-A34E30F7795B}.Debug|Any CPU.Build.0 = Debug|Any CPU
		{F36A829D-ECCA-4207-98F6-A34E30F7795B}.Release|Any CPU.ActiveCfg = Release|Any CPU
		{F36A829D-ECCA-4207-98F6-A34E30F7795B}.Release|Any CPU.Build.0 = Release|Any CPU
		{D15098B5-3DDB-4A45-AE93-0D8CA19AFE75}.Debug|Any CPU.ActiveCfg = Debug|Any CPU
		{D15098B5-3DDB-4A45-AE93-0D8CA19AFE75}.Debug|Any CPU.Build.0 = Debug|Any CPU
		{D15098B5-3DDB-4A45-AE93-0D8CA19AFE75}.Release|Any CPU.ActiveCfg = Release|Any CPU
		{D15098B5-3DDB-4A45-AE93-0D8CA19AFE75}.Release|Any CPU.Build.0 = Release|Any CPU
		{4411F038-E4A0-4B95-BE75-0250754E8B82}.Debug|Any CPU.ActiveCfg = Debug|Any CPU
		{4411F038-E4A0-4B95-BE75-0250754E8B82}.Debug|Any CPU.Build.0 = Debug|Any CPU
		{4411F038-E4A0-4B95-BE75-0250754E8B82}.Release|Any CPU.ActiveCfg = Release|Any CPU
		{4411F038-E4A0-4B95-BE75-0250754E8B82}.Release|Any CPU.Build.0 = Release|Any CPU
	EndGlobalSection
	GlobalSection(SolutionProperties) = preSolution
		HideSolutionNode = FALSE
	EndGlobalSection
	GlobalSection(NestedProjects) = preSolution
		{83F27BCD-33E5-4765-9511-C25AEBE61A43} = {693F31C1-09EB-4896-B4DB-35F3148EE5C3}
		{860AA0B9-4E27-42AA-A4CA-E8F5965BC7CF} = {78681FD4-38FC-4241-B505-F3E6FC53ABB1}
		{EBE6144C-733A-40E1-94D0-D5F8B9DC99C1} = {78681FD4-38FC-4241-B505-F3E6FC53ABB1}
		{8BE59317-90DE-4510-AD76-801A739BFEF0} = {78681FD4-38FC-4241-B505-F3E6FC53ABB1}
		{98790BE3-07E3-401C-BFFF-677D9FCB1C01} = {1CCAAAD5-8C38-49BB-9185-9B4AC3622365}
		{D0DCF1B3-C742-4A39-895E-B8ACB24DF017} = {1CCAAAD5-8C38-49BB-9185-9B4AC3622365}
		{0E065DEA-8832-4C28-A549-FBC4285C82B5} = {2405A7AA-38F2-43F3-A868-8AC61D872AF0}
		{F36A829D-ECCA-4207-98F6-A34E30F7795B} = {E5EE43D9-70C4-4911-B3D8-DFF35930C11A}
		{D15098B5-3DDB-4A45-AE93-0D8CA19AFE75} = {78681FD4-38FC-4241-B505-F3E6FC53ABB1}
		{4411F038-E4A0-4B95-BE75-0250754E8B82} = {78681FD4-38FC-4241-B505-F3E6FC53ABB1}
	EndGlobalSection
	GlobalSection(ExtensibilityGlobals) = postSolution
		SolutionGuid = {232CC761-6432-4BDC-B78C-8CCB3D3DCB7C}
	EndGlobalSection
EndGlobal
